# Code generated by scarb DO NOT EDIT.
version = 1

[[package]]
name = "assumevalid"
version = "0.1.0"
dependencies = [
 "consensus",
]

[[package]]
name = "client"
version = "0.1.0"
dependencies = [
 "consensus",
 "utreexo",
]

[[package]]
name = "consensus"
version = "0.1.0"
dependencies = [
 "shinigami_engine",
 "utils",
]

[[package]]
name = "ripemd160"
version = "0.1.0"
source = "git+https://github.com/j1mbo64/ripemd160_cairo.git#833e07d7d074d4ee51ceb40a5bcb4af2fe6898f3"

[[package]]
name = "sha1"
version = "0.1.0"
source = "git+https://github.com/j1mbo64/sha1_cairo.git#2b65bc00a829bdcc244c140d0f31feda32f8d2c4"

[[package]]
name = "shinigami_engine"
version = "0.1.0"
source = "git+https://github.com/keep-starknet-strange/shinigami.git?rev=1963116#1963116dc6f24eb32d0513c6394ad64da515ceff"
dependencies = [
 "ripemd160",
 "sha1",
 "shinigami_utils",
]

[[package]]
name = "shinigami_utils"
version = "0.1.0"
source = "git+https://github.com/keep-starknet-strange/shinigami.git?rev=1963116#1963116dc6f24eb32d0513c6394ad64da515ceff"

[[package]]
name = "utils"
version = "0.1.0"

[[package]]
name = "utreexo"
version = "0.1.0"
dependencies = [
 "utils",
]
